
Microsoft Visual Studio Solution File, Format Version 12.00
# Visual Studio Version 17
VisualStudioVersion = 17.14.37216.2
MinimumVisualStudioVersion = 10.0.40219.1
Project("{FAE04EC0-301F-11D3-BF4B-00C04F79EFBC}") = "MiniHR", "MiniHR\MiniHR.csproj", "{FBA869C5-67E8-4576-91D0-28C5F762BCEF}"
EndProject
Global
	GlobalSection(SolutionConfigurationPlatforms) = preSolution
		Debug|Any CPU = Debug|Any CPU
		Release|Any CPU = Release|Any CPU
	EndGlobalSection
	GlobalSection(ProjectConfigurationPlatforms) = postSolution
		{FBA869C5-67E8-4576-91D0-28C5F762BCEF}.Debug|Any CPU.ActiveCfg = Debug|Any CPU
		{FBA869C5-67E8-4576-91D0-28C5F762BCEF}.Debug|Any CPU.Build.0 = Debug|Any CPU
		{FBA869C5-67E8-4576-91D0-28C5F762BCEF}.Release|Any CPU.ActiveCfg = Release|Any CPU
		{FBA869C5-67E8-4576-91D0-28C5F762BCEF}.Release|Any CPU.Build.0 = Release|Any CPU
	EndGlobalSection
	GlobalSection(SolutionProperties) = preSolution
		HideSolutionNode = FALSE
	EndGlobalSection
	GlobalSection(ExtensibilityGlobals) = postSolution
		SolutionGuid = {56C37AD9-C7EE-445B-BED6-CF5BF1028747}
	EndGlobalSection
EndGlobal
